// !$*UTF8*$!
{
	archiveVersion = 1;
	classes = {
	};
	objectVersion = 55;
	objects = {

/* Begin PBXBuildFile section */
		6C4992CE270A090400A3A409 /* Version3.swift in Sources */ = {isa = PBXBuildFile; fileRef = 6C4992CD270A090400A3A409 /* Version3.swift */; };
		6C4992D0270A0BDC00A3A409 /* Version4.swift in Sources */ = {isa = PBXBuildFile; fileRef = 6C4992CF270A0BDC00A3A409 /* Version4.swift */; };
		6C9C85332709C2F9002A692F /* Version2.swift in Sources */ = {isa = PBXBuildFile; fileRef = 6C9C85322709C2F9002A692F /* Version2.swift */; };
		6C9C85352709C363002A692F /* Note.swift in Sources */ = {isa = PBXBuildFile; fileRef = 6C9C85342709C363002A692F /* Note.swift */; };
		6CF6D9012709A3C10073EE55 /* NavApp.swift in Sources */ = {isa = PBXBuildFile; fileRef = 6CF6D8F12709A3BF0073EE55 /* NavApp.swift */; };
		6CF6D9022709A3C10073EE55 /* NavApp.swift in Sources */ = {isa = PBXBuildFile; fileRef = 6CF6D8F12709A3BF0073EE55 /* NavApp.swift */; };
		6CF6D9032709A3C10073EE55 /* ContentView.swift in Sources */ = {isa = PBXBuildFile; fileRef = 6CF6D8F22709A3BF0073EE55 /* ContentView.swift */; };
		6CF6D9042709A3C10073EE55 /* ContentView.swift in Sources */ = {isa = PBXBuildFile; fileRef = 6CF6D8F22709A3BF0073EE55 /* ContentView.swift */; };
		6CF6D9052709A3C10073EE55 /* Assets.xcassets in Resources */ = {isa = PBXBuildFile; fileRef = 6CF6D8F32709A3C10073EE55 /* Assets.xcassets */; };
		6CF6D9062709A3C10073EE55 /* Assets.xcassets in Resources */ = {isa = PBXBuildFile; fileRef = 6CF6D8F32709A3C10073EE55 /* Assets.xcassets */; };
		6CF6D9112709A3EF0073EE55 /* Version1.swift in Sources */ = {isa = PBXBuildFile; fileRef = 6CF6D9102709A3EF0073EE55 /* Version1.swift */; };
/* End PBXBuildFile section */

/* Begin PBXFileReference section */
		6C4992CD270A090400A3A409 /* Version3.swift */ = {isa = PBXFileReference; fileEncoding = 4; lastKnownFileType = sourcecode.swift; path = Version3.swift; sourceTree = "<group>"; };
		6C4992CF270A0BDC00A3A409 /* Version4.swift */ = {isa = PBXFileReference; fileEncoding = 4; lastKnownFileType = sourcecode.swift; path = Version4.swift; sourceTree = "<group>"; };
		6C9C85322709C2F9002A692F /* Version2.swift */ = {isa = PBXFileReference; fileEncoding = 4; lastKnownFileType = sourcecode.swift; path = Version2.swift; sourceTree = "<group>"; };
		6C9C85342709C363002A692F /* Note.swift */ = {isa = PBXFileReference; lastKnownFileType = sourcecode.swift; path = Note.swift; sourceTree = "<group>"; };
		6CF6D8F12709A3BF0073EE55 /* NavApp.swift */ = {isa = PBXFileReference; lastKnownFileType = sourcecode.swift; path = NavApp.swift; sourceTree = "<group>"; };
		6CF6D8F22709A3BF0073EE55 /* ContentView.swift */ = {isa = PBXFileReference; lastKnownFileType = sourcecode.swift; path = ContentView.swift; sourceTree = "<group>"; };
		6CF6D8F32709A3C10073EE55 /* Assets.xcassets */ = {isa = PBXFileReference; lastKnownFileType = folder.assetcatalog; path = Assets.xcassets; sourceTree = "<group>"; };
		6CF6D8F82709A3C10073EE55 /* Nav.app */ = {isa = PBXFileReference; explicitFileType = wrapper.application; includeInIndex = 0; path = Nav.app; sourceTree = BUILT_PRODUCTS_DIR; };
		6CF6D8FE2709A3C10073EE55 /* Nav.app */ = {isa = PBXFileReference; explicitFileType = wrapper.application; includeInIndex = 0; path = Nav.app; sourceTree = BUILT_PRODUCTS_DIR; };
		6CF6D9002709A3C10073EE55 /* macOS.entitlements */ = {isa = PBXFileReference; lastKnownFileType = text.plist.entitlements; path = macOS.entitlements; sourceTree = "<group>"; };
		6CF6D9102709A3EF0073EE55 /* Version1.swift */ = {isa = PBXFileReference; lastKnownFileType = sourcecode.swift; path = Version1.swift; sourceTree = "<group>"; };
/* End PBXFileReference section */

/* Begin PBXFrameworksBuildPhase section */
		6CF6D8F52709A3C10073EE55 /* Frameworks */ = {
			isa = PBXFrameworksBuildPhase;
			buildActionMask = 2147483647;
			files = (
			);
			runOnlyForDeploymentPostprocessing = 0;
		};
		6CF6D8FB2709A3C10073EE55 /* Frameworks */ = {
			isa = PBXFrameworksBuildPhase;
			buildActionMask = 2147483647;
			files = (
			);
			runOnlyForDeploymentPostprocessing = 0;
		};
/* End PBXFrameworksBuildPhase section */

/* Begin PBXGroup section */
		6CF6D8EB2709A3BF0073EE55 = {
			isa = PBXGroup;
			children = (
				6CF6D90F2709A3E20073EE55 /* iOS */,
				6CF6D8F02709A3BF0073EE55 /* Shared */,
				6CF6D8FF2709A3C10073EE55 /* macOS */,
				6CF6D8F92709A3C10073EE55 /* Products */,
			);
			indentWidth = 2;
			sourceTree = "<group>";
			tabWidth = 2;
		};
		6CF6D8F02709A3BF0073EE55 /* Shared */ = {
			isa = PBXGroup;
			children = (
				6CF6D8F12709A3BF0073EE55 /* NavApp.swift */,
				6C9C85342709C363002A692F /* Note.swift */,
				6CF6D8F22709A3BF0073EE55 /* ContentView.swift */,
				6CF6D8F32709A3C10073EE55 /* Assets.xcassets */,
			);
			path = Shared;
			sourceTree = "<group>";
		};
		6CF6D8F92709A3C10073EE55 /* Products */ = {
			isa = PBXGroup;
			children = (
				6CF6D8F82709A3C10073EE55 /* Nav.app */,
				6CF6D8FE2709A3C10073EE55 /* Nav.app */,
			);
			name = Products;
			sourceTree = "<group>";
		};
		6CF6D8FF2709A3C10073EE55 /* macOS */ = {
			isa = PBXGroup;
			children = (
				6CF6D9002709A3C10073EE55 /* macOS.entitlements */,
			);
			path = macOS;
			sourceTree = "<group>";
		};
		6CF6D90F2709A3E20073EE55 /* iOS */ = {
			isa = PBXGroup;
			children = (
				6CF6D9102709A3EF0073EE55 /* Version1.swift */,
				6C9C85322709C2F9002A692F /* Version2.swift */,
				6C4992CD270A090400A3A409 /* Version3.swift */,
				6C4992CF270A0BDC00A3A409 /* Version4.swift */,
			);
			path = iOS;
			sourceTree = "<group>";
		};
/* End PBXGroup section */

/* Begin PBXNativeTarget section */
		6CF6D8F72709A3C10073EE55 /* Nav (iOS) */ = {
			isa = PBXNativeTarget;
			buildConfigurationList = 6CF6D9092709A3C10073EE55 /* Build configuration list for PBXNativeTarget "Nav (iOS)" */;
			buildPhases = (
				6CF6D8F42709A3C10073EE55 /* Sources */,
				6CF6D8F52709A3C10073EE55 /* Frameworks */,
				6CF6D8F62709A3C10073EE55 /* Resources */,
			);
			buildRules = (
			);
			dependencies = (
			);
			name = "Nav (iOS)";
			productName = "Nav (iOS)";
			productReference = 6CF6D8F82709A3C10073EE55 /* Nav.app */;
			productType = "com.apple.product-type.application";
		};
		6CF6D8FD2709A3C10073EE55 /* Nav (macOS) */ = {
			isa = PBXNativeTarget;
			buildConfigurationList = 6CF6D90C2709A3C10073EE55 /* Build configuration list for PBXNativeTarget "Nav (macOS)" */;
			buildPhases = (
				6CF6D8FA2709A3C10073EE55 /* Sources */,
				6CF6D8FB2709A3C10073EE55 /* Frameworks */,
				6CF6D8FC2709A3C10073EE55 /* Resources */,
			);
			buildRules = (
			);
			dependencies = (
			);
			name = "Nav (macOS)";
			productName = "Nav (macOS)";
			productReference = 6CF6D8FE2709A3C10073EE55 /* Nav.app */;
			productType = "com.apple.product-type.application";
		};
/* End PBXNativeTarget section */

/* Begin PBXProject section */
		6CF6D8EC2709A3BF0073EE55 /* Project object */ = {
			isa = PBXProject;
			attributes = {
				BuildIndependentTargetsInParallel = 1;
				LastSwiftUpdateCheck = 1300;
				LastUpgradeCheck = 1300;
				TargetAttributes = {
					6CF6D8F72709A3C10073EE55 = {
						CreatedOnToolsVersion = 13.0;
					};
					6CF6D8FD2709A3C10073EE55 = {
						CreatedOnToolsVersion = 13.0;
					};
				};
			};
			buildConfigurationList = 6CF6D8EF2709A3BF0073EE55 /* Build configuration list for PBXProject "Nav" */;
			compatibilityVersion = "Xcode 13.0";
			developmentRegion = en;
			hasScannedForEncodings = 0;
			knownRegions = (
				en,
				Base,
			);
			mainGroup = 6CF6D8EB2709A3BF0073EE55;
			productRefGroup = 6CF6D8F92709A3C10073EE55 /* Products */;
			projectDirPath = "";
			projectRoot = "";
			targets = (
				6CF6D8F72709A3C10073EE55 /* Nav (iOS) */,
				6CF6D8FD2709A3C10073EE55 /* Nav (macOS) */,
			);
		};
/* End PBXProject section */

/* Begin PBXResourcesBuildPhase section */
		6CF6D8F62709A3C10073EE55 /* Resources */ = {
			isa = PBXResourcesBuildPhase;
			buildActionMask = 2147483647;
			files = (
				6CF6D9052709A3C10073EE55 /* Assets.xcassets in Resources */,
			);
			runOnlyForDeploymentPostprocessing = 0;
		};
		6CF6D8FC2709A3C10073EE55 /* Resources */ = {
			isa = PBXResourcesBuildPhase;
			buildActionMask = 2147483647;
			files = (
				6CF6D9062709A3C10073EE55 /* Assets.xcassets in Resources */,
			);
			runOnlyForDeploymentPostprocessing = 0;
		};
/* End PBXResourcesBuildPhase section */

/* Begin PBXSourcesBuildPhase section */
		6CF6D8F42709A3C10073EE55 /* Sources */ = {
			isa = PBXSourcesBuildPhase;
			buildActionMask = 2147483647;
			files = (
				6C9C85352709C363002A692F /* Note.swift in Sources */,
				6C9C85332709C2F9002A692F /* Version2.swift in Sources */,
				6C4992D0270A0BDC00A3A409 /* Version4.swift in Sources */,
				6CF6D9032709A3C10073EE55 /* ContentView.swift in Sources */,
				6CF6D9012709A3C10073EE55 /* NavApp.swift in Sources */,
				6C4992CE270A090400A3A409 /* Version3.swift in Sources */,
				6CF6D9112709A3EF0073EE55 /* Version1.swift in Sources */,
			);
			runOnlyForDeploymentPostprocessing = 0;
		};
		6CF6D8FA2709A3C10073EE55 /* Sources */ = {
			isa = PBXSourcesBuildPhase;
			buildActionMask = 2147483647;
			files = (
				6CF6D9042709A3C10073EE55 /* ContentView.swift in Sources */,
				6CF6D9022709A3C10073EE55 /* NavApp.swift in Sources */,
			);
			runOnlyForDeploymentPostprocessing = 0;
		};
/* End PBXSourcesBuildPhase section */

/* Begin XCBuildConfiguration section */
		6CF6D9072709A3C10073EE55 /* Debug */ = {
			isa = XCBuildConfiguration;
			buildSettings = {
				ALWAYS_SEARCH_USER_PATHS = NO;
				CLANG_ANALYZER_NONNULL = YES;
				CLANG_ANALYZER_NUMBER_OBJECT_CONVERSION = YES_AGGRESSIVE;
				CLANG_CXX_LANGUAGE_STANDARD = "gnu++17";
				CLANG_CXX_LIBRARY = "libc++";
				CLANG_ENABLE_MODULES = YES;
				CLANG_ENABLE_OBJC_ARC = YES;
				CLANG_ENABLE_OBJC_WEAK = YES;
				CLANG_WARN_BLOCK_CAPTURE_AUTORELEASING = YES;
				CLANG_WARN_BOOL_CONVERSION = YES;
				CLANG_WARN_COMMA = YES;
				CLANG_WARN_CONSTANT_CONVERSION = YES;
				CLANG_WARN_DEPRECATED_OBJC_IMPLEMENTATIONS = YES;
				CLANG_WARN_DIRECT_OBJC_ISA_USAGE = YES_ERROR;
				CLANG_WARN_DOCUMENTATION_COMMENTS = YES;
				CLANG_WARN_EMPTY_BODY = YES;
				CLANG_WARN_ENUM_CONVERSION = YES;
				CLANG_WARN_INFINITE_RECURSION = YES;
				CLANG_WARN_INT_CONVERSION = YES;
				CLANG_WARN_NON_LITERAL_NULL_CONVERSION = YES;
				CLANG_WARN_OBJC_IMPLICIT_RETAIN_SELF = YES;
				CLANG_WARN_OBJC_LITERAL_CONVERSION = YES;
				CLANG_WARN_OBJC_ROOT_CLASS = YES_ERROR;
				CLANG_WARN_QUOTED_INCLUDE_IN_FRAMEWORK_HEADER = YES;
				CLANG_WARN_RANGE_LOOP_ANALYSIS = YES;
				CLANG_WARN_STRICT_PROTOTYPES = YES;
				CLANG_WARN_SUSPICIOUS_MOVE = YES;
				CLANG_WARN_UNGUARDED_AVAILABILITY = YES_AGGRESSIVE;
				CLANG_WARN_UNREACHABLE_CODE = YES;
				CLANG_WARN__DUPLICATE_METHOD_MATCH = YES;
				COPY_PHASE_STRIP = NO;
				DEBUG_INFORMATION_FORMAT = dwarf;
				ENABLE_STRICT_OBJC_MSGSEND = YES;
				ENABLE_TESTABILITY = YES;
				GCC_C_LANGUAGE_STANDARD = gnu11;
				GCC_DYNAMIC_NO_PIC = NO;
				GCC_NO_COMMON_BLOCKS = YES;
				GCC_OPTIMIZATION_LEVEL = 0;
				GCC_PREPROCESSOR_DEFINITIONS = (
					"DEBUG=1",
					"$(inherited)",
				);
				GCC_WARN_64_TO_32_BIT_CONVERSION = YES;
				GCC_WARN_ABOUT_RETURN_TYPE = YES_ERROR;
				GCC_WARN_UNDECLARED_SELECTOR = YES;
				GCC_WARN_UNINITIALIZED_AUTOS = YES_AGGRESSIVE;
				GCC_WARN_UNUSED_FUNCTION = YES;
				GCC_WARN_UNUSED_VARIABLE = YES;
				MTL_ENABLE_DEBUG_INFO = INCLUDE_SOURCE;
				MTL_FAST_MATH = YES;
				ONLY_ACTIVE_ARCH = YES;
				SWIFT_ACTIVE_COMPILATION_CONDITIONS = DEBUG;
				SWIFT_OPTIMIZATION_LEVEL = "-Onone";
			};
			name = Debug;
		};
		6CF6D9082709A3C10073EE55 /* Release */ = {
			isa = XCBuildConfiguration;
			buildSettings = {
				ALWAYS_SEARCH_USER_PATHS = NO;
				CLANG_ANALYZER_NONNULL = YES;
				CLANG_ANALYZER_NUMBER_OBJECT_CONVERSION = YES_AGGRESSIVE;
				CLANG_CXX_LANGUAGE_STANDARD = "gnu++17";
				CLANG_CXX_LIBRARY = "libc++";
				CLANG_ENABLE_MODULES = YES;
				CLANG_ENABLE_OBJC_ARC = YES;
				CLANG_ENABLE_OBJC_WEAK = YES;
				CLANG_WARN_BLOCK_CAPTURE_AUTORELEASING = YES;
				CLANG_WARN_BOOL_CONVERSION = YES;
				CLANG_WARN_COMMA = YES;
				CLANG_WARN_CONSTANT_CONVERSION = YES;
				CLANG_WARN_DEPRECATED_OBJC_IMPLEMENTATIONS = YES;
				CLANG_WARN_DIRECT_OBJC_ISA_USAGE = YES_ERROR;
				CLANG_WARN_DOCUMENTATION_COMMENTS = YES;
				CLANG_WARN_EMPTY_BODY = YES;
				CLANG_WARN_ENUM_CONVERSION = YES;
				CLANG_WARN_INFINITE_RECURSION = YES;
				CLANG_WARN_INT_CONVERSION = YES;
				CLANG_WARN_NON_LITERAL_NULL_CONVERSION = YES;
				CLANG_WARN_OBJC_IMPLICIT_RETAIN_SELF = YES;
				CLANG_WARN_OBJC_LITERAL_CONVERSION = YES;
				CLANG_WARN_OBJC_ROOT_CLASS = YES_ERROR;
				CLANG_WARN_QUOTED_INCLUDE_IN_FRAMEWORK_HEADER = YES;
				CLANG_WARN_RANGE_LOOP_ANALYSIS = YES;
				CLANG_WARN_STRICT_PROTOTYPES = YES;
				CLANG_WARN_SUSPICIOUS_MOVE = YES;
				CLANG_WARN_UNGUARDED_AVAILABILITY = YES_AGGRESSIVE;
				CLANG_WARN_UNREACHABLE_CODE = YES;
				CLANG_WARN__DUPLICATE_METHOD_MATCH = YES;
				COPY_PHASE_STRIP = NO;
				DEBUG_INFORMATION_FORMAT = "dwarf-with-dsym";
				ENABLE_NS_ASSERTIONS = NO;
				ENABLE_STRICT_OBJC_MSGSEND = YES;
				GCC_C_LANGUAGE_STANDARD = gnu11;
				GCC_NO_COMMON_BLOCKS = YES;
				GCC_WARN_64_TO_32_BIT_CONVERSION = YES;
				GCC_WARN_ABOUT_RETURN_TYPE = YES_ERROR;
				GCC_WARN_UNDECLARED_SELECTOR = YES;
				GCC_WARN_UNINITIALIZED_AUTOS = YES_AGGRESSIVE;
				GCC_WARN_UNUSED_FUNCTION = YES;
				GCC_WARN_UNUSED_VARIABLE = YES;
				MTL_ENABLE_DEBUG_INFO = NO;
				MTL_FAST_MATH = YES;
				SWIFT_COMPILATION_MODE = wholemodule;
				SWIFT_OPTIMIZATION_LEVEL = "-O";
			};
			name = Release;
		};
		6CF6D90A2709A3C10073EE55 /* Debug */ = {
			isa = XCBuildConfiguration;
			buildSettings = {
				ASSETCATALOG_COMPILER_APPICON_NAME = AppIcon;
				ASSETCATALOG_COMPILER_GLOBAL_ACCENT_COLOR_NAME = AccentColor;
				CODE_SIGN_STYLE = Automatic;
				CURRENT_PROJECT_VERSION = 1;
				DEVELOPMENT_TEAM = SE9N6X5V7C;
				ENABLE_PREVIEWS = YES;
				GENERATE_INFOPLIST_FILE = YES;
				INFOPLIST_KEY_UIApplicationSceneManifest_Generation = YES;
				INFOPLIST_KEY_UIApplicationSupportsIndirectInputEvents = YES;
				INFOPLIST_KEY_UILaunchScreen_Generation = YES;
				INFOPLIST_KEY_UISupportedInterfaceOrientations_iPad = "UIInterfaceOrientationPortrait UIInterfaceOrientationPortraitUpsideDown UIInterfaceOrientationLandscapeLeft UIInterfaceOrientationLandscapeRight";
				INFOPLIST_KEY_UISupportedInterfaceOrientations_iPhone = "UIInterfaceOrientationPortrait UIInterfaceOrientationLandscapeLeft UIInterfaceOrientationLandscapeRight";
				IPHONEOS_DEPLOYMENT_TARGET = 14.7;
				LD_RUNPATH_SEARCH_PATHS = (
					"$(inherited)",
					"@executable_path/Frameworks",
				);
				MARKETING_VERSION = 1.0;
				PRODUCT_BUNDLE_IDENTIFIER = app.elabor.Nav;
				PRODUCT_NAME = Nav;
				SDKROOT = iphoneos;
				SWIFT_EMIT_LOC_STRINGS = YES;
				SWIFT_VERSION = 5.0;
				TARGETED_DEVICE_FAMILY = "1,2";
			};
			name = Debug;
		};
		6CF6D90B2709A3C10073EE55 /* Release */ = {
			isa = XCBuildConfiguration;
			buildSettings = {
				ASSETCATALOG_COMPILER_APPICON_NAME = AppIcon;
				ASSETCATALOG_COMPILER_GLOBAL_ACCENT_COLOR_NAME = AccentColor;
				CODE_SIGN_STYLE = Automatic;
				CURRENT_PROJECT_VERSION = 1;
				DEVELOPMENT_TEAM = SE9N6X5V7C;
				ENABLE_PREVIEWS = YES;
				GENERATE_INFOPLIST_FILE = YES;
				INFOPLIST_KEY_UIApplicationSceneManifest_Generation = YES;
				INFOPLIST_KEY_UIApplicationSupportsIndirectInputEvents = YES;
				INFOPLIST_KEY_UILaunchScreen_Generation = YES;
				INFOPLIST_KEY_UISupportedInterfaceOrientations_iPad = "UIInterfaceOrientationPortrait UIInterfaceOrientationPortraitUpsideDown UIInterfaceOrientationLandscapeLeft UIInterfaceOrientationLandscapeRight";
				INFOPLIST_KEY_UISupportedInterfaceOrientations_iPhone = "UIInterfaceOrientationPortrait UIInterfaceOrientationLandscapeLeft UIInterfaceOrientationLandscapeRight";
				IPHONEOS_DEPLOYMENT_TARGET = 14.7;
				LD_RUNPATH_SEARCH_PATHS = (
					"$(inherited)",
					"@executable_path/Frameworks",
				);
				MARKETING_VERSION = 1.0;
				PRODUCT_BUNDLE_IDENTIFIER = app.elabor.Nav;
				PRODUCT_NAME = Nav;
				SDKROOT = iphoneos;
				SWIFT_EMIT_LOC_STRINGS = YES;
				SWIFT_VERSION = 5.0;
				TARGETED_DEVICE_FAMILY = "1,2";
				VALIDATE_PRODUCT = YES;
			};
			name = Release;
		};
		6CF6D90D2709A3C10073EE55 /* Debug */ = {
			isa = XCBuildConfiguration;
			buildSettings = {
				ASSETCATALOG_COMPILER_APPICON_NAME = AppIcon;
				ASSETCATALOG_COMPILER_GLOBAL_ACCENT_COLOR_NAME = AccentColor;
				CODE_SIGN_ENTITLEMENTS = macOS/macOS.entitlements;
				CODE_SIGN_STYLE = Automatic;
				COMBINE_HIDPI_IMAGES = YES;
				CURRENT_PROJECT_VERSION = 1;
				DEVELOPMENT_TEAM = SE9N6X5V7C;
				ENABLE_HARDENED_RUNTIME = YES;
				ENABLE_PREVIEWS = YES;
				GENERATE_INFOPLIST_FILE = YES;
				INFOPLIST_KEY_NSHumanReadableCopyright = "";
				LD_RUNPATH_SEARCH_PATHS = (
					"$(inherited)",
					"@executable_path/../Frameworks",
				);
				MACOSX_DEPLOYMENT_TARGET = 11.0;
				MARKETING_VERSION = 1.0;
				PRODUCT_BUNDLE_IDENTIFIER = app.elabor.Nav;
				PRODUCT_NAME = Nav;
				SDKROOT = macosx;
				SWIFT_EMIT_LOC_STRINGS = YES;
				SWIFT_VERSION = 5.0;
			};
			name = Debug;
		};
		6CF6D90E2709A3C10073EE55 /* Release */ = {
			isa = XCBuildConfiguration;
			buildSettings = {
				ASSETCATALOG_COMPILER_APPICON_NAME = AppIcon;
				ASSETCATALOG_COMPILER_GLOBAL_ACCENT_COLOR_NAME = AccentColor;
				CODE_SIGN_ENTITLEMENTS = macOS/macOS.entitlements;
				CODE_SIGN_STYLE = Automatic;
				COMBINE_HIDPI_IMAGES = YES;
				CURRENT_PROJECT_VERSION = 1;
				DEVELOPMENT_TEAM = SE9N6X5V7C;
				ENABLE_HARDENED_RUNTIME = YES;
				ENABLE_PREVIEWS = YES;
				GENERATE_INFOPLIST_FILE = YES;
				INFOPLIST_KEY_NSHumanReadableCopyright = "";
				LD_RUNPATH_SEARCH_PATHS = (
					"$(inherited)",
					"@executable_path/../Frameworks",
				);
				MACOSX_DEPLOYMENT_TARGET = 11.0;
				MARKETING_VERSION = 1.0;
				PRODUCT_BUNDLE_IDENTIFIER = app.elabor.Nav;
				PRODUCT_NAME = Nav;
				SDKROOT = macosx;
				SWIFT_EMIT_LOC_STRINGS = YES;
				SWIFT_VERSION = 5.0;
			};
			name = Release;
		};
/* End XCBuildConfiguration section */

/* Begin XCConfigurationList section */
		6CF6D8EF2709A3BF0073EE55 /* Build configuration list for PBXProject "Nav" */ = {
			isa = XCConfigurationList;
			buildConfigurations = (
				6CF6D9072709A3C10073EE55 /* Debug */,
				6CF6D9082709A3C10073EE55 /* Release */,
			);
			defaultConfigurationIsVisible = 0;
			defaultConfigurationName = Release;
		};
		6CF6D9092709A3C10073EE55 /* Build configuration list for PBXNativeTarget "Nav (iOS)" */ = {
			isa = XCConfigurationList;
			buildConfigurations = (
				6CF6D90A2709A3C10073EE55 /* Debug */,
				6CF6D90B2709A3C10073EE55 /* Release */,
			);
			defaultConfigurationIsVisible = 0;
			defaultConfigurationName = Release;
		};
		6CF6D90C2709A3C10073EE55 /* Build configuration list for PBXNativeTarget "Nav (macOS)" */ = {
			isa = XCConfigurationList;
			buildConfigurations = (
				6CF6D90D2709A3C10073EE55 /* Debug */,
				6CF6D90E2709A3C10073EE55 /* Release */,
			);
			defaultConfigurationIsVisible = 0;
			defaultConfigurationName = Release;
		};
/* End XCConfigurationList section */
	};
	rootObject = 6CF6D8EC2709A3BF0073EE55 /* Project object */;
}
